
Microsoft Visual Studio Solution File, Format Version 12.00
# Visual Studio 15
VisualStudioVersion = 15.0.26430.16
MinimumVisualStudioVersion = 10.0.40219.1
Project("{9A19103F-16F7-4668-BE54-9A1E7A4F7556}") = "DominionGameGenerator.Web", "DominionGameGenerator.Web\DominionGameGenerator.Web.csproj", "{EE465BDE-0085-47BD-ADA4-541C42B573EC}"
EndProject
Project("{FAE04EC0-301F-11D3-BF4B-00C04F79EFBC}") = "DominionGameGenerator.Services", "DominionGameGenerator.Services\DominionGameGenerator.Services.csproj", "{C5099C2E-8465-4702-BD27-BA767542A1FB}"
EndProject
Project("{FAE04EC0-301F-11D3-BF4B-00C04F79EFBC}") = "DominionGameGenerator.Common", "DominionGameGenerator.Common\DominionGameGenerator.Common.csproj", "{545A536E-C25B-4BAC-88F9-FAC8355D4068}"
EndProject
Project("{FAE04EC0-301F-11D3-BF4B-00C04F79EFBC}") = "DominionGameGenerator.Data", "DominionGameGenerator.Data\DominionGameGenerator.Data.csproj", "{1881C984-2D66-4B8F-8F62-63F9478D1DB3}"
EndProject
Global
	GlobalSection(SolutionConfigurationPlatforms) = preSolution
		Debug|Any CPU = Debug|Any CPU
		Release|Any CPU = Release|Any CPU
	EndGlobalSection
	GlobalSection(ProjectConfigurationPlatforms) = postSolution
		{EE465BDE-0085-47BD-ADA4-541C42B573EC}.Debug|Any CPU.ActiveCfg = Debug|Any CPU
		{EE465BDE-0085-47BD-ADA4-541C42B573EC}.Debug|Any CPU.Build.0 = Debug|Any CPU
		{EE465BDE-0085-47BD-ADA4-541C42B573EC}.Release|Any CPU.ActiveCfg = Release|Any CPU
		{EE465BDE-0085-47BD-ADA4-541C42B573EC}.Release|Any CPU.Build.0 = Release|Any CPU
		{C5099C2E-8465-4702-BD27-BA767542A1FB}.Debug|Any CPU.ActiveCfg = Debug|Any CPU
		{C5099C2E-8465-4702-BD27-BA767542A1FB}.Debug|Any CPU.Build.0 = Debug|Any CPU
		{C5099C2E-8465-4702-BD27-BA767542A1FB}.Release|Any CPU.ActiveCfg = Release|Any CPU
		{C5099C2E-8465-4702-BD27-BA767542A1FB}.Release|Any CPU.Build.0 = Release|Any CPU
		{545A536E-C25B-4BAC-88F9-FAC8355D4068}.Debug|Any CPU.ActiveCfg = Debug|Any CPU
		{545A536E-C25B-4BAC-88F9-FAC8355D4068}.Debug|Any CPU.Build.0 = Debug|Any CPU
		{545A536E-C25B-4BAC-88F9-FAC8355D4068}.Release|Any CPU.ActiveCfg = Release|Any CPU
		{545A536E-C25B-4BAC-88F9-FAC8355D4068}.Release|Any CPU.Build.0 = Release|Any CPU
		{1881C984-2D66-4B8F-8F62-63F9478D1DB3}.Debug|Any CPU.ActiveCfg = Debug|Any CPU
		{1881C984-2D66-4B8F-8F62-63F9478D1DB3}.Debug|Any CPU.Build.0 = Debug|Any CPU
		{1881C984-2D66-4B8F-8F62-63F9478D1DB3}.Release|Any CPU.ActiveCfg = Release|Any CPU
		{1881C984-2D66-4B8F-8F62-63F9478D1DB3}.Release|Any CPU.Build.0 = Release|Any CPU
	EndGlobalSection
	GlobalSection(SolutionProperties) = preSolution
		HideSolutionNode = FALSE
	EndGlobalSection
EndGlobal
